
Microsoft Visual Studio Solution File, Format Version 12.00
# Visual Studio Version 16
VisualStudioVersion = 16.0.30517.126
MinimumVisualStudioVersion = 10.0.40219.1
Project("{FAE04EC0-301F-11D3-BF4B-00C04F79EFBC}") = "KeyRotationSample", "KeyRotationSample.csproj", "{C1460B68-CC60-4563-8247-DEB1C388032F}"
EndProject
Global
	GlobalSection(SolutionConfigurationPlatforms) = preSolution
		Debug|Any CPU = Debug|Any CPU
		Release|Any CPU = Release|Any CPU
	EndGlobalSection
	GlobalSection(ProjectConfigurationPlatforms) = postSolution
		{C1460B68-CC60-4563-8247-DEB1C388032F}.Debug|Any CPU.ActiveCfg = Debug|Any CPU
		{C1460B68-CC60-4563-8247-DEB1C388032F}.Debug|Any CPU.Build.0 = Debug|Any CPU
		{C1460B68-CC60-4563-8247-DEB1C388032F}.Release|Any CPU.ActiveCfg = Release|Any CPU
		{C1460B68-CC60-4563-8247-DEB1C388032F}.Release|Any CPU.Build.0 = Release|Any CPU
	EndGlobalSection
	GlobalSection(SolutionProperties) = preSolution
		HideSolutionNode = FALSE
	EndGlobalSection
	GlobalSection(ExtensibilityGlobals) = postSolution
		SolutionGuid = {BB65BC20-894A-4AD2-A58A-F91EB538673A}
	EndGlobalSection
EndGlobal
